
Microsoft Visual Studio Solution File, Format Version 12.00
# Visual Studio Version 16
VisualStudioVersion = 16.0.29613.14
MinimumVisualStudioVersion = 10.0.40219.1
Project("{FAE04EC0-301F-11D3-BF4B-00C04F79EFBC}") = "MWeight", "MWeight.csproj", "{6141DEF2-8DEE-41F6-96C2-1ED770CE62E7}"
EndProject
Global
	GlobalSection(SolutionConfigurationPlatforms) = preSolution
		Debug|Any CPU = Debug|Any CPU
		Release|Any CPU = Release|Any CPU
	EndGlobalSection
	GlobalSection(ProjectConfigurationPlatforms) = postSolution
		{6141DEF2-8DEE-41F6-96C2-1ED770CE62E7}.Debug|Any CPU.ActiveCfg = Debug|Any CPU
		{6141DEF2-8DEE-41F6-96C2-1ED770CE62E7}.Debug|Any CPU.Build.0 = Debug|Any CPU
		{6141DEF2-8DEE-41F6-96C2-1ED770CE62E7}.Release|Any CPU.ActiveCfg = Release|Any CPU
		{6141DEF2-8DEE-41F6-96C2-1ED770CE62E7}.Release|Any CPU.Build.0 = Release|Any CPU
	EndGlobalSection
	GlobalSection(SolutionProperties) = preSolution
		HideSolutionNode = FALSE
	EndGlobalSection
	GlobalSection(ExtensibilityGlobals) = postSolution
		SolutionGuid = {6C10AB81-589D-451B-908D-94FAFB5BB65A}
	EndGlobalSection
EndGlobal
